PODS:
  - alan_voice (4.3.0):
    - Flutter
  - Flutter (1.0.0)
  - package_info (0.0.1):
    - Flutter

DEPENDENCIES:
  - alan_voice (from `.symlinks/plugins/alan_voice/ios`)
  - Flutter (from `Flutter`)
  - package_info (from `.symlinks/plugins/package_info/ios`)

EXTERNAL SOURCES:
  alan_voice:
    :path: ".symlinks/plugins/alan_voice/ios"
  Flutter:
    :path: Flutter
  package_info:
    :path: ".symlinks/plugins/package_info/ios"

SPEC CHECKSUMS:
  alan_voice: d55fe593e3f72db14a156fc2811ce0083f32fe42
  Flutter: e0871f40cf51350855a761d2e70bf5af5b9b5de7
  package_info: 873975fc26034f0b863a300ad47e7f1ac6c7ec62

PODFILE CHECKSUM: c4c93c5f6502fe2754f48404d3594bf779584011

COCOAPODS: 1.15.2
